// !$*UTF8*$!
{
	archiveVersion = 1;
	classes = {
	};
	objectVersion = 56;
	objects = {

/* Begin PBXBuildFile section */
		285AEAC72C9BCD0D005E2BA2 /* TableViewController.swift in Sources */ = {isa = PBXBuildFile; fileRef = 285AEAC62C9BCD0D005E2BA2 /* TableViewController.swift */; };
		285AEACA2C9BCE2B005E2BA2 /* WeatherData.m in Sources */ = {isa = PBXBuildFile; fileRef = 285AEAC92C9BCE2B005E2BA2 /* WeatherData.m */; };
		285AEACC2C9BD268005E2BA2 /* DetailViewController.swift in Sources */ = {isa = PBXBuildFile; fileRef = 285AEACB2C9BD268005E2BA2 /* DetailViewController.swift */; };
		285AEAD82C9CF5F8005E2BA2 /* CollectionViewController.swift in Sources */ = {isa = PBXBuildFile; fileRef = 285AEAD72C9CF5F8005E2BA2 /* CollectionViewController.swift */; };
		285AEADA2C9CF8EB005E2BA2 /* CollectionViewCell.swift in Sources */ = {isa = PBXBuildFile; fileRef = 285AEAD92C9CF8EB005E2BA2 /* CollectionViewCell.swift */; };
		87EE09162C9B7A6600F5BCD5 /* AppDelegate.swift in Sources */ = {isa = PBXBuildFile; fileRef = 87EE09152C9B7A6600F5BCD5 /* AppDelegate.swift */; };
		87EE09182C9B7A6600F5BCD5 /* SceneDelegate.swift in Sources */ = {isa = PBXBuildFile; fileRef = 87EE09172C9B7A6600F5BCD5 /* SceneDelegate.swift */; };
		87EE091A2C9B7A6600F5BCD5 /* ViewController.swift in Sources */ = {isa = PBXBuildFile; fileRef = 87EE09192C9B7A6600F5BCD5 /* ViewController.swift */; };
		87EE091D2C9B7A6600F5BCD5 /* Base in Resources */ = {isa = PBXBuildFile; fileRef = 87EE091C2C9B7A6600F5BCD5 /* Base */; };
		87EE091F2C9B7A6700F5BCD5 /* Assets.xcassets in Resources */ = {isa = PBXBuildFile; fileRef = 87EE091E2C9B7A6700F5BCD5 /* Assets.xcassets */; };
		87EE09222C9B7A6700F5BCD5 /* Base in Resources */ = {isa = PBXBuildFile; fileRef = 87EE09212C9B7A6700F5BCD5 /* Base */; };
		XXXXXXXXXXXXXXXX /* ModalViewController.swift in Sources */ = {isa = PBXBuildFile; fileRef = YYYYYYYYYYYYYYYY /* ModalViewController.swift */; };
/* End PBXBuildFile section */

/* Begin PBXContainerItemProxy section */
		87EE09292C9B7A6700F5BCD5 /* PBXContainerItemProxy */ = {
			isa = PBXContainerItemProxy;
			containerPortal = 87EE090A2C9B7A6600F5BCD5 /* Project object */;
			proxyType = 1;
			remoteGlobalIDString = 87EE09112C9B7A6600F5BCD5;
			remoteInfo = CS7323LabOne;
		};
		87EE09332C9B7A6700F5BCD5 /* PBXContainerItemProxy */ = {
			isa = PBXContainerItemProxy;
			containerPortal = 87EE090A2C9B7A6600F5BCD5 /* Project object */;
			proxyType = 1;
			remoteGlobalIDString = 87EE09112C9B7A6600F5BCD5;
			remoteInfo = CS7323LabOne;
		};
/* End PBXContainerItemProxy section */

/* Begin PBXFileReference section */
		285AEAC22C9BC124005E2BA2 /* CS7323LabOne-Bridging-Header.h */ = {isa = PBXFileReference; lastKnownFileType = sourcecode.c.h; path = "CS7323LabOne-Bridging-Header.h"; sourceTree = "<group>"; };
		285AEAC62C9BCD0D005E2BA2 /* TableViewController.swift */ = {isa = PBXFileReference; lastKnownFileType = sourcecode.swift; path = TableViewController.swift; sourceTree = "<group>"; };
		285AEAC82C9BCE2B005E2BA2 /* WeatherData.h */ = {isa = PBXFileReference; lastKnownFileType = sourcecode.c.h; path = WeatherData.h; sourceTree = "<group>"; };
		285AEAC92C9BCE2B005E2BA2 /* WeatherData.m */ = {isa = PBXFileReference; lastKnownFileType = sourcecode.c.objc; path = WeatherData.m; sourceTree = "<group>"; };
		285AEACB2C9BD268005E2BA2 /* DetailViewController.swift */ = {isa = PBXFileReference; lastKnownFileType = sourcecode.swift; path = DetailViewController.swift; sourceTree = "<group>"; };
		285AEAD72C9CF5F8005E2BA2 /* CollectionViewController.swift */ = {isa = PBXFileReference; lastKnownFileType = sourcecode.swift; path = CollectionViewController.swift; sourceTree = "<group>"; };
		285AEAD92C9CF8EB005E2BA2 /* CollectionViewCell.swift */ = {isa = PBXFileReference; lastKnownFileType = sourcecode.swift; path = CollectionViewCell.swift; sourceTree = "<group>"; };
		87EE09122C9B7A6600F5BCD5 /* CS7323LabOne.app */ = {isa = PBXFileReference; explicitFileType = wrapper.application; includeInIndex = 0; path = CS7323LabOne.app; sourceTree = BUILT_PRODUCTS_DIR; };
		87EE09152C9B7A6600F5BCD5 /* AppDelegate.swift */ = {isa = PBXFileReference; lastKnownFileType = sourcecode.swift; path = AppDelegate.swift; sourceTree = "<group>"; };
		87EE09172C9B7A6600F5BCD5 /* SceneDelegate.swift */ = {isa = PBXFileReference; lastKnownFileType = sourcecode.swift; path = SceneDelegate.swift; sourceTree = "<group>"; };
		87EE09192C9B7A6600F5BCD5 /* ViewController.swift */ = {isa = PBXFileReference; lastKnownFileType = sourcecode.swift; path = ViewController.swift; sourceTree = "<group>"; };
		87EE091C2C9B7A6600F5BCD5 /* Base */ = {isa = PBXFileReference; lastKnownFileType = file.storyboard; name = Base; path = Base.lproj/Main.storyboard; sourceTree = "<group>"; };
		87EE091E2C9B7A6700F5BCD5 /* Assets.xcassets */ = {isa = PBXFileReference; lastKnownFileType = folder.assetcatalog; path = Assets.xcassets; sourceTree = "<group>"; };
		87EE09212C9B7A6700F5BCD5 /* Base */ = {isa = PBXFileReference; lastKnownFileType = file.storyboard; name = Base; path = Base.lproj/LaunchScreen.storyboard; sourceTree = "<group>"; };
		87EE09232C9B7A6700F5BCD5 /* Info.plist */ = {isa = PBXFileReference; lastKnownFileType = text.plist.xml; path = Info.plist; sourceTree = "<group>"; };
		87EE09282C9B7A6700F5BCD5 /* CS7323LabOneTests.xctest */ = {isa = PBXFileReference; explicitFileType = wrapper.cfbundle; includeInIndex = 0; path = CS7323LabOneTests.xctest; sourceTree = BUILT_PRODUCTS_DIR; };
		87EE09322C9B7A6700F5BCD5 /* CS7323LabOneUITests.xctest */ = {isa = PBXFileReference; explicitFileType = wrapper.cfbundle; includeInIndex = 0; path = CS7323LabOneUITests.xctest; sourceTree = BUILT_PRODUCTS_DIR; };
		YYYYYYYYYYYYYYYY /* ModalViewController.swift */ = {isa = PBXFileReference; lastKnownFileType = sourcecode.swift; path = ModalViewController.swift; sourceTree = "<group>"; };
/* End PBXFileReference section */

/* Begin PBXFrameworksBuildPhase section */
		87EE090F2C9B7A6600F5BCD5 /* Frameworks */ = {
			isa = PBXFrameworksBuildPhase;
			buildActionMask = 2147483647;
			files = (
			);
			runOnlyForDeploymentPostprocessing = 0;
		};
		87EE09252C9B7A6700F5BCD5 /* Frameworks */ = {
			isa = PBXFrameworksBuildPhase;
			buildActionMask = 2147483647;
			files = (
			);
			runOnlyForDeploymentPostprocessing = 0;
		};
		87EE092F2C9B7A6700F5BCD5 /* Frameworks */ = {
			isa = PBXFrameworksBuildPhase;
			buildActionMask = 2147483647;
			files = (
			);
			runOnlyForDeploymentPostprocessing = 0;
		};
/* End PBXFrameworksBuildPhase section */

/* Begin PBXGroup section */
		87EE09092C9B7A6600F5BCD5 = {
			isa = PBXGroup;
			children = (
				87EE09142C9B7A6600F5BCD5 /* CS7323LabOne */,
				87EE09132C9B7A6600F5BCD5 /* Products */,
			);
			sourceTree = "<group>";
		};
		87EE09132C9B7A6600F5BCD5 /* Products */ = {
			isa = PBXGroup;
			children = (
				87EE09122C9B7A6600F5BCD5 /* CS7323LabOne.app */,
				87EE09282C9B7A6700F5BCD5 /* CS7323LabOneTests.xctest */,
				87EE09322C9B7A6700F5BCD5 /* CS7323LabOneUITests.xctest */,
			);
			name = Products;
			sourceTree = "<group>";
		};
		87EE09142C9B7A6600F5BCD5 /* CS7323LabOne */ = {
			isa = PBXGroup;
			children = (
				87EE09152C9B7A6600F5BCD5 /* AppDelegate.swift */,
				87EE09172C9B7A6600F5BCD5 /* SceneDelegate.swift */,
				87EE09192C9B7A6600F5BCD5 /* ViewController.swift */,
				285AEAC62C9BCD0D005E2BA2 /* TableViewController.swift */,
				285AEACB2C9BD268005E2BA2 /* DetailViewController.swift */,
				285AEAD72C9CF5F8005E2BA2 /* CollectionViewController.swift */,
				285AEAD92C9CF8EB005E2BA2 /* CollectionViewCell.swift */,
				87EE091B2C9B7A6600F5BCD5 /* Main.storyboard */,
				87EE091E2C9B7A6700F5BCD5 /* Assets.xcassets */,
				87EE09202C9B7A6700F5BCD5 /* LaunchScreen.storyboard */,
				87EE09232C9B7A6700F5BCD5 /* Info.plist */,
				285AEAC82C9BCE2B005E2BA2 /* WeatherData.h */,
				285AEAC92C9BCE2B005E2BA2 /* WeatherData.m */,
				285AEAC22C9BC124005E2BA2 /* CS7323LabOne-Bridging-Header.h */,
				YYYYYYYYYYYYYYYY /* ModalViewController.swift */,
			);
			path = CS7323LabOne;
			sourceTree = "<group>";
		};
/* End PBXGroup section */

/* Begin PBXNativeTarget section */
		87EE09112C9B7A6600F5BCD5 /* CS7323LabOne */ = {
			isa = PBXNativeTarget;
			buildConfigurationList = 87EE093C2C9B7A6700F5BCD5 /* Build configuration list for PBXNativeTarget "CS7323LabOne" */;
			buildPhases = (
				87EE090E2C9B7A6600F5BCD5 /* Sources */,
				87EE090F2C9B7A6600F5BCD5 /* Frameworks */,
				87EE09102C9B7A6600F5BCD5 /* Resources */,
			);
			buildRules = (
			);
			dependencies = (
			);
			name = CS7323LabOne;
			productName = CS7323LabOne;
			productReference = 87EE09122C9B7A6600F5BCD5 /* CS7323LabOne.app */;
			productType = "com.apple.product-type.application";
		};
		87EE09272C9B7A6700F5BCD5 /* CS7323LabOneTests */ = {
			isa = PBXNativeTarget;
			buildConfigurationList = 87EE093F2C9B7A6700F5BCD5 /* Build configuration list for PBXNativeTarget "CS7323LabOneTests" */;
			buildPhases = (
				87EE09242C9B7A6700F5BCD5 /* Sources */,
				87EE09252C9B7A6700F5BCD5 /* Frameworks */,
				87EE09262C9B7A6700F5BCD5 /* Resources */,
			);
			buildRules = (
			);
			dependencies = (
				87EE092A2C9B7A6700F5BCD5 /* PBXTargetDependency */,
			);
			name = CS7323LabOneTests;
			productName = CS7323LabOneTests;
			productReference = 87EE09282C9B7A6700F5BCD5 /* CS7323LabOneTests.xctest */;
			productType = "com.apple.product-type.bundle.unit-test";
		};
		87EE09312C9B7A6700F5BCD5 /* CS7323LabOneUITests */ = {
			isa = PBXNativeTarget;
			buildConfigurationList = 87EE09422C9B7A6700F5BCD5 /* Build configuration list for PBXNativeTarget "CS7323LabOneUITests" */;
			buildPhases = (
				87EE092E2C9B7A6700F5BCD5 /* Sources */,
				87EE092F2C9B7A6700F5BCD5 /* Frameworks */,
				87EE09302C9B7A6700F5BCD5 /* Resources */,
			);
			buildRules = (
			);
			dependencies = (
				87EE09342C9B7A6700F5BCD5 /* PBXTargetDependency */,
			);
			name = CS7323LabOneUITests;
			productName = CS7323LabOneUITests;
			productReference = 87EE09322C9B7A6700F5BCD5 /* CS7323LabOneUITests.xctest */;
			productType = "com.apple.product-type.bundle.ui-testing";
		};
/* End PBXNativeTarget section */

/* Begin PBXProject section */
		87EE090A2C9B7A6600F5BCD5 /* Project object */ = {
			isa = PBXProject;
			attributes = {
				BuildIndependentTargetsInParallel = 1;
				LastSwiftUpdateCheck = 1540;
				LastUpgradeCheck = 1540;
				TargetAttributes = {
					87EE09112C9B7A6600F5BCD5 = {
						CreatedOnToolsVersion = 15.4;
						LastSwiftMigration = 1540;
					};
					87EE09272C9B7A6700F5BCD5 = {
						CreatedOnToolsVersion = 15.4;
						TestTargetID = 87EE09112C9B7A6600F5BCD5;
					};
					87EE09312C9B7A6700F5BCD5 = {
						CreatedOnToolsVersion = 15.4;
						TestTargetID = 87EE09112C9B7A6600F5BCD5;
					};
				};
			};
			buildConfigurationList = 87EE090D2C9B7A6600F5BCD5 /* Build configuration list for PBXProject "CS7323LabOne" */;
			compatibilityVersion = "Xcode 14.0";
			developmentRegion = en;
			hasScannedForEncodings = 0;
			knownRegions = (
				en,
				Base,
			);
			mainGroup = 87EE09092C9B7A6600F5BCD5;
			productRefGroup = 87EE09132C9B7A6600F5BCD5 /* Products */;
			projectDirPath = "";
			projectRoot = "";
			targets = (
				87EE09112C9B7A6600F5BCD5 /* CS7323LabOne */,
				87EE09272C9B7A6700F5BCD5 /* CS7323LabOneTests */,
				87EE09312C9B7A6700F5BCD5 /* CS7323LabOneUITests */,
			);
		};
/* End PBXProject section */

/* Begin PBXResourcesBuildPhase section */
		87EE09102C9B7A6600F5BCD5 /* Resources */ = {
			isa = PBXResourcesBuildPhase;
			buildActionMask = 2147483647;
			files = (
				87EE091F2C9B7A6700F5BCD5 /* Assets.xcassets in Resources */,
				87EE09222C9B7A6700F5BCD5 /* Base in Resources */,
				87EE091D2C9B7A6600F5BCD5 /* Base in Resources */,
			);
			runOnlyForDeploymentPostprocessing = 0;
		};
		87EE09262C9B7A6700F5BCD5 /* Resources */ = {
			isa = PBXResourcesBuildPhase;
			buildActionMask = 2147483647;
			files = (
			);
			runOnlyForDeploymentPostprocessing = 0;
		};
		87EE09302C9B7A6700F5BCD5 /* Resources */ = {
			isa = PBXResourcesBuildPhase;
			buildActionMask = 2147483647;
			files = (
			);
			runOnlyForDeploymentPostprocessing = 0;
		};
/* End PBXResourcesBuildPhase section */

/* Begin PBXSourcesBuildPhase section */
		87EE090E2C9B7A6600F5BCD5 /* Sources */ = {
			isa = PBXSourcesBuildPhase;
			buildActionMask = 2147483647;
			files = (
				285AEAC72C9BCD0D005E2BA2 /* TableViewController.swift in Sources */,
				87EE091A2C9B7A6600F5BCD5 /* ViewController.swift in Sources */,
				285AEADA2C9CF8EB005E2BA2 /* CollectionViewCell.swift in Sources */,
				87EE09162C9B7A6600F5BCD5 /* AppDelegate.swift in Sources */,
				285AEACC2C9BD268005E2BA2 /* DetailViewController.swift in Sources */,
				285AEAD82C9CF5F8005E2BA2 /* CollectionViewController.swift in Sources */,
				285AEACA2C9BCE2B005E2BA2 /* WeatherData.m in Sources */,
				87EE09182C9B7A6600F5BCD5 /* SceneDelegate.swift in Sources */,
				XXXXXXXXXXXXXXXX /* ModalViewController.swift in Sources */,
			);
			runOnlyForDeploymentPostprocessing = 0;
		};
		87EE09242C9B7A6700F5BCD5 /* Sources */ = {
			isa = PBXSourcesBuildPhase;
			buildActionMask = 2147483647;
			files = (
			);
			runOnlyForDeploymentPostprocessing = 0;
		};
		87EE092E2C9B7A6700F5BCD5 /* Sources */ = {
			isa = PBXSourcesBuildPhase;
			buildActionMask = 2147483647;
			files = (
			);
			runOnlyForDeploymentPostprocessing = 0;
		};
/* End PBXSourcesBuildPhase section */

/* Begin PBXTargetDependency section */
		87EE092A2C9B7A6700F5BCD5 /* PBXTargetDependency */ = {
			isa = PBXTargetDependency;
			target = 87EE09112C9B7A6600F5BCD5 /* CS7323LabOne */;
			targetProxy = 87EE09292C9B7A6700F5BCD5 /* PBXContainerItemProxy */;
		};
		87EE09342C9B7A6700F5BCD5 /* PBXTargetDependency */ = {
			isa = PBXTargetDependency;
			target = 87EE09112C9B7A6600F5BCD5 /* CS7323LabOne */;
			targetProxy = 87EE09332C9B7A6700F5BCD5 /* PBXContainerItemProxy */;
		};
/* End PBXTargetDependency section */

/* Begin PBXVariantGroup section */
		87EE091B2C9B7A6600F5BCD5 /* Main.storyboard */ = {
			isa = PBXVariantGroup;
			children = (
				87EE091C2C9B7A6600F5BCD5 /* Base */,
			);
			name = Main.storyboard;
			sourceTree = "<group>";
		};
		87EE09202C9B7A6700F5BCD5 /* LaunchScreen.storyboard */ = {
			isa = PBXVariantGroup;
			children = (
				87EE09212C9B7A6700F5BCD5 /* Base */,
			);
			name = LaunchScreen.storyboard;
			sourceTree = "<group>";
		};
/* End PBXVariantGroup section */

/* Begin XCBuildConfiguration section */
		87EE093A2C9B7A6700F5BCD5 /* Debug */ = {
			isa = XCBuildConfiguration;
			buildSettings = {
				ALWAYS_SEARCH_USER_PATHS = NO;
				ASSETCATALOG_COMPILER_GENERATE_SWIFT_ASSET_SYMBOL_EXTENSIONS = YES;
				CLANG_ANALYZER_NONNULL = YES;
				CLANG_ANALYZER_NUMBER_OBJECT_CONVERSION = YES_AGGRESSIVE;
				CLANG_CXX_LANGUAGE_STANDARD = "gnu++20";
				CLANG_ENABLE_MODULES = YES;
				CLANG_ENABLE_OBJC_ARC = YES;
				CLANG_ENABLE_OBJC_WEAK = YES;
				CLANG_WARN_BLOCK_CAPTURE_AUTORELEASING = YES;
				CLANG_WARN_BOOL_CONVERSION = YES;
				CLANG_WARN_COMMA = YES;
				CLANG_WARN_CONSTANT_CONVERSION = YES;
				CLANG_WARN_DEPRECATED_OBJC_IMPLEMENTATIONS = YES;
				CLANG_WARN_DIRECT_OBJC_ISA_USAGE = YES_ERROR;
				CLANG_WARN_DOCUMENTATION_COMMENTS = YES;
				CLANG_WARN_EMPTY_BODY = YES;
				CLANG_WARN_ENUM_CONVERSION = YES;
				CLANG_WARN_INFINITE_RECURSION = YES;
				CLANG_WARN_INT_CONVERSION = YES;
				CLANG_WARN_NON_LITERAL_NULL_CONVERSION = YES;
				CLANG_WARN_OBJC_IMPLICIT_RETAIN_SELF = YES;
				CLANG_WARN_OBJC_LITERAL_CONVERSION = YES;
				CLANG_WARN_OBJC_ROOT_CLASS = YES_ERROR;
				CLANG_WARN_QUOTED_INCLUDE_IN_FRAMEWORK_HEADER = YES;
				CLANG_WARN_RANGE_LOOP_ANALYSIS = YES;
				CLANG_WARN_STRICT_PROTOTYPES = YES;
				CLANG_WARN_SUSPICIOUS_MOVE = YES;
				CLANG_WARN_UNGUARDED_AVAILABILITY = YES_AGGRESSIVE;
				CLANG_WARN_UNREACHABLE_CODE = YES;
				CLANG_WARN__DUPLICATE_METHOD_MATCH = YES;
				COPY_PHASE_STRIP = NO;
				DEBUG_INFORMATION_FORMAT = dwarf;
				ENABLE_STRICT_OBJC_MSGSEND = YES;
				ENABLE_TESTABILITY = YES;
				ENABLE_USER_SCRIPT_SANDBOXING = YES;
				GCC_C_LANGUAGE_STANDARD = gnu17;
				GCC_DYNAMIC_NO_PIC = NO;
				GCC_NO_COMMON_BLOCKS = YES;
				GCC_OPTIMIZATION_LEVEL = 0;
				GCC_PREPROCESSOR_DEFINITIONS = (
					"DEBUG=1",
					"$(inherited)",
				);
				GCC_WARN_64_TO_32_BIT_CONVERSION = YES;
				GCC_WARN_ABOUT_RETURN_TYPE = YES_ERROR;
				GCC_WARN_UNDECLARED_SELECTOR = YES;
				GCC_WARN_UNINITIALIZED_AUTOS = YES_AGGRESSIVE;
				GCC_WARN_UNUSED_FUNCTION = YES;
				GCC_WARN_UNUSED_VARIABLE = YES;
				IPHONEOS_DEPLOYMENT_TARGET = 17.5;
				LOCALIZATION_PREFERS_STRING_CATALOGS = YES;
				MTL_ENABLE_DEBUG_INFO = INCLUDE_SOURCE;
				MTL_FAST_MATH = YES;
				ONLY_ACTIVE_ARCH = YES;
				SDKROOT = iphoneos;
				SWIFT_ACTIVE_COMPILATION_CONDITIONS = "DEBUG $(inherited)";
				SWIFT_OPTIMIZATION_LEVEL = "-Onone";
			};
			name = Debug;
		};
		87EE093B2C9B7A6700F5BCD5 /* Release */ = {
			isa = XCBuildConfiguration;
			buildSettings = {
				ALWAYS_SEARCH_USER_PATHS = NO;
				ASSETCATALOG_COMPILER_GENERATE_SWIFT_ASSET_SYMBOL_EXTENSIONS = YES;
				CLANG_ANALYZER_NONNULL = YES;
				CLANG_ANALYZER_NUMBER_OBJECT_CONVERSION = YES_AGGRESSIVE;
				CLANG_CXX_LANGUAGE_STANDARD = "gnu++20";
				CLANG_ENABLE_MODULES = YES;
				CLANG_ENABLE_OBJC_ARC = YES;
				CLANG_ENABLE_OBJC_WEAK = YES;
				CLANG_WARN_BLOCK_CAPTURE_AUTORELEASING = YES;
				CLANG_WARN_BOOL_CONVERSION = YES;
				CLANG_WARN_COMMA = YES;
				CLANG_WARN_CONSTANT_CONVERSION = YES;
				CLANG_WARN_DEPRECATED_OBJC_IMPLEMENTATIONS = YES;
				CLANG_WARN_DIRECT_OBJC_ISA_USAGE = YES_ERROR;
				CLANG_WARN_DOCUMENTATION_COMMENTS = YES;
				CLANG_WARN_EMPTY_BODY = YES;
				CLANG_WARN_ENUM_CONVERSION = YES;
				CLANG_WARN_INFINITE_RECURSION = YES;
				CLANG_WARN_INT_CONVERSION = YES;
				CLANG_WARN_NON_LITERAL_NULL_CONVERSION = YES;
				CLANG_WARN_OBJC_IMPLICIT_RETAIN_SELF = YES;
				CLANG_WARN_OBJC_LITERAL_CONVERSION = YES;
				CLANG_WARN_OBJC_ROOT_CLASS = YES_ERROR;
				CLANG_WARN_QUOTED_INCLUDE_IN_FRAMEWORK_HEADER = YES;
				CLANG_WARN_RANGE_LOOP_ANALYSIS = YES;
				CLANG_WARN_STRICT_PROTOTYPES = YES;
				CLANG_WARN_SUSPICIOUS_MOVE = YES;
				CLANG_WARN_UNGUARDED_AVAILABILITY = YES_AGGRESSIVE;
				CLANG_WARN_UNREACHABLE_CODE = YES;
				CLANG_WARN__DUPLICATE_METHOD_MATCH = YES;
				COPY_PHASE_STRIP = NO;
				DEBUG_INFORMATION_FORMAT = "dwarf-with-dsym";
				ENABLE_NS_ASSERTIONS = NO;
				ENABLE_STRICT_OBJC_MSGSEND = YES;
				ENABLE_USER_SCRIPT_SANDBOXING = YES;
				GCC_C_LANGUAGE_STANDARD = gnu17;
				GCC_NO_COMMON_BLOCKS = YES;
				GCC_WARN_64_TO_32_BIT_CONVERSION = YES;
				GCC_WARN_ABOUT_RETURN_TYPE = YES_ERROR;
				GCC_WARN_UNDECLARED_SELECTOR = YES;
				GCC_WARN_UNINITIALIZED_AUTOS = YES_AGGRESSIVE;
				GCC_WARN_UNUSED_FUNCTION = YES;
				GCC_WARN_UNUSED_VARIABLE = YES;
				IPHONEOS_DEPLOYMENT_TARGET = 17.5;
				LOCALIZATION_PREFERS_STRING_CATALOGS = YES;
				MTL_ENABLE_DEBUG_INFO = NO;
				MTL_FAST_MATH = YES;
				SDKROOT = iphoneos;
				SWIFT_COMPILATION_MODE = wholemodule;
				VALIDATE_PRODUCT = YES;
			};
			name = Release;
		};
		87EE093D2C9B7A6700F5BCD5 /* Debug */ = {
			isa = XCBuildConfiguration;
			buildSettings = {
				ASSETCATALOG_COMPILER_APPICON_NAME = AppIcon;
				ASSETCATALOG_COMPILER_GLOBAL_ACCENT_COLOR_NAME = AccentColor;
				CLANG_ENABLE_MODULES = YES;
				CODE_SIGN_STYLE = Automatic;
				CURRENT_PROJECT_VERSION = 1;
				DEVELOPMENT_TEAM = N22535K98N;
				GENERATE_INFOPLIST_FILE = YES;
				INFOPLIST_FILE = CS7323LabOne/Info.plist;
				INFOPLIST_KEY_UIApplicationSupportsIndirectInputEvents = YES;
				INFOPLIST_KEY_UILaunchStoryboardName = LaunchScreen;
				INFOPLIST_KEY_UIMainStoryboardFile = Main;
				INFOPLIST_KEY_UISupportedInterfaceOrientations_iPad = "UIInterfaceOrientationPortrait UIInterfaceOrientationPortraitUpsideDown UIInterfaceOrientationLandscapeLeft UIInterfaceOrientationLandscapeRight";
				INFOPLIST_KEY_UISupportedInterfaceOrientations_iPhone = "UIInterfaceOrientationPortrait UIInterfaceOrientationLandscapeLeft UIInterfaceOrientationLandscapeRight";
				LD_RUNPATH_SEARCH_PATHS = (
					"$(inherited)",
					"@executable_path/Frameworks",
				);
				MARKETING_VERSION = 1.0;
				PRODUCT_BUNDLE_IDENTIFIER = SMU.CS7323LabOne;
				PRODUCT_NAME = "$(TARGET_NAME)";
				SWIFT_EMIT_LOC_STRINGS = YES;
				SWIFT_OBJC_BRIDGING_HEADER = "CS7323LabOne/CS7323LabOne-Bridging-Header.h";
				SWIFT_OPTIMIZATION_LEVEL = "-Onone";
				SWIFT_VERSION = 5.0;
				TARGETED_DEVICE_FAMILY = "1,2";
			};
			name = Debug;
		};
		87EE093E2C9B7A6700F5BCD5 /* Release */ = {
			isa = XCBuildConfiguration;
			buildSettings = {
				ASSETCATALOG_COMPILER_APPICON_NAME = AppIcon;
				ASSETCATALOG_COMPILER_GLOBAL_ACCENT_COLOR_NAME = AccentColor;
				CLANG_ENABLE_MODULES = YES;
				CODE_SIGN_STYLE = Automatic;
				CURRENT_PROJECT_VERSION = 1;
				DEVELOPMENT_TEAM = N22535K98N;
				GENERATE_INFOPLIST_FILE = YES;
				INFOPLIST_FILE = CS7323LabOne/Info.plist;
				INFOPLIST_KEY_UIApplicationSupportsIndirectInputEvents = YES;
				INFOPLIST_KEY_UILaunchStoryboardName = LaunchScreen;
				INFOPLIST_KEY_UIMainStoryboardFile = Main;
				INFOPLIST_KEY_UISupportedInterfaceOrientations_iPad = "UIInterfaceOrientationPortrait UIInterfaceOrientationPortraitUpsideDown UIInterfaceOrientationLandscapeLeft UIInterfaceOrientationLandscapeRight";
				INFOPLIST_KEY_UISupportedInterfaceOrientations_iPhone = "UIInterfaceOrientationPortrait UIInterfaceOrientationLandscapeLeft UIInterfaceOrientationLandscapeRight";
				LD_RUNPATH_SEARCH_PATHS = (
					"$(inherited)",
					"@executable_path/Frameworks",
				);
				MARKETING_VERSION = 1.0;
				PRODUCT_BUNDLE_IDENTIFIER = SMU.CS7323LabOne;
				PRODUCT_NAME = "$(TARGET_NAME)";
				SWIFT_EMIT_LOC_STRINGS = YES;
				SWIFT_OBJC_BRIDGING_HEADER = "CS7323LabOne/CS7323LabOne-Bridging-Header.h";
				SWIFT_VERSION = 5.0;
				TARGETED_DEVICE_FAMILY = "1,2";
			};
			name = Release;
		};
		87EE09402C9B7A6700F5BCD5 /* Debug */ = {
			isa = XCBuildConfiguration;
			buildSettings = {
				ALWAYS_EMBED_SWIFT_STANDARD_LIBRARIES = YES;
				BUNDLE_LOADER = "$(TEST_HOST)";
				CODE_SIGN_STYLE = Automatic;
				CURRENT_PROJECT_VERSION = 1;
				DEVELOPMENT_TEAM = N22535K98N;
				GENERATE_INFOPLIST_FILE = YES;
				IPHONEOS_DEPLOYMENT_TARGET = 17.5;
				MARKETING_VERSION = 1.0;
				PRODUCT_BUNDLE_IDENTIFIER = SMU.CS7323LabOneTests;
				PRODUCT_NAME = "$(TARGET_NAME)";
				SWIFT_EMIT_LOC_STRINGS = NO;
				SWIFT_VERSION = 5.0;
				TARGETED_DEVICE_FAMILY = "1,2";
				TEST_HOST = "$(BUILT_PRODUCTS_DIR)/CS7323LabOne.app/$(BUNDLE_EXECUTABLE_FOLDER_PATH)/CS7323LabOne";
			};
			name = Debug;
		};
		87EE09412C9B7A6700F5BCD5 /* Release */ = {
			isa = XCBuildConfiguration;
			buildSettings = {
				ALWAYS_EMBED_SWIFT_STANDARD_LIBRARIES = YES;
				BUNDLE_LOADER = "$(TEST_HOST)";
				CODE_SIGN_STYLE = Automatic;
				CURRENT_PROJECT_VERSION = 1;
				DEVELOPMENT_TEAM = N22535K98N;
				GENERATE_INFOPLIST_FILE = YES;
				IPHONEOS_DEPLOYMENT_TARGET = 17.5;
				MARKETING_VERSION = 1.0;
				PRODUCT_BUNDLE_IDENTIFIER = SMU.CS7323LabOneTests;
				PRODUCT_NAME = "$(TARGET_NAME)";
				SWIFT_EMIT_LOC_STRINGS = NO;
				SWIFT_VERSION = 5.0;
				TARGETED_DEVICE_FAMILY = "1,2";
				TEST_HOST = "$(BUILT_PRODUCTS_DIR)/CS7323LabOne.app/$(BUNDLE_EXECUTABLE_FOLDER_PATH)/CS7323LabOne";
			};
			name = Release;
		};
		87EE09432C9B7A6700F5BCD5 /* Debug */ = {
			isa = XCBuildConfiguration;
			buildSettings = {
				ALWAYS_EMBED_SWIFT_STANDARD_LIBRARIES = YES;
				CODE_SIGN_STYLE = Automatic;
				CURRENT_PROJECT_VERSION = 1;
				DEVELOPMENT_TEAM = N22535K98N;
				GENERATE_INFOPLIST_FILE = YES;
				MARKETING_VERSION = 1.0;
				PRODUCT_BUNDLE_IDENTIFIER = SMU.CS7323LabOneUITests;
				PRODUCT_NAME = "$(TARGET_NAME)";
				SWIFT_EMIT_LOC_STRINGS = NO;
				SWIFT_VERSION = 5.0;
				TARGETED_DEVICE_FAMILY = "1,2";
				TEST_TARGET_NAME = CS7323LabOne;
			};
			name = Debug;
		};
		87EE09442C9B7A6700F5BCD5 /* Release */ = {
			isa = XCBuildConfiguration;
			buildSettings = {
				ALWAYS_EMBED_SWIFT_STANDARD_LIBRARIES = YES;
				CODE_SIGN_STYLE = Automatic;
				CURRENT_PROJECT_VERSION = 1;
				DEVELOPMENT_TEAM = N22535K98N;
				GENERATE_INFOPLIST_FILE = YES;
				MARKETING_VERSION = 1.0;
				PRODUCT_BUNDLE_IDENTIFIER = SMU.CS7323LabOneUITests;
				PRODUCT_NAME = "$(TARGET_NAME)";
				SWIFT_EMIT_LOC_STRINGS = NO;
				SWIFT_VERSION = 5.0;
				TARGETED_DEVICE_FAMILY = "1,2";
				TEST_TARGET_NAME = CS7323LabOne;
			};
			name = Release;
		};
/* End XCBuildConfiguration section */

/* Begin XCConfigurationList section */
		87EE090D2C9B7A6600F5BCD5 /* Build configuration list for PBXProject "CS7323LabOne" */ = {
			isa = XCConfigurationList;
			buildConfigurations = (
				87EE093A2C9B7A6700F5BCD5 /* Debug */,
				87EE093B2C9B7A6700F5BCD5 /* Release */,
			);
			defaultConfigurationIsVisible = 0;
			defaultConfigurationName = Release;
		};
		87EE093C2C9B7A6700F5BCD5 /* Build configuration list for PBXNativeTarget "CS7323LabOne" */ = {
			isa = XCConfigurationList;
			buildConfigurations = (
				87EE093D2C9B7A6700F5BCD5 /* Debug */,
				87EE093E2C9B7A6700F5BCD5 /* Release */,
			);
			defaultConfigurationIsVisible = 0;
			defaultConfigurationName = Release;
		};
		87EE093F2C9B7A6700F5BCD5 /* Build configuration list for PBXNativeTarget "CS7323LabOneTests" */ = {
			isa = XCConfigurationList;
			buildConfigurations = (
				87EE09402C9B7A6700F5BCD5 /* Debug */,
				87EE09412C9B7A6700F5BCD5 /* Release */,
			);
			defaultConfigurationIsVisible = 0;
			defaultConfigurationName = Release;
		};
		87EE09422C9B7A6700F5BCD5 /* Build configuration list for PBXNativeTarget "CS7323LabOneUITests" */ = {
			isa = XCConfigurationList;
			buildConfigurations = (
				87EE09432C9B7A6700F5BCD5 /* Debug */,
				87EE09442C9B7A6700F5BCD5 /* Release */,
			);
			defaultConfigurationIsVisible = 0;
			defaultConfigurationName = Release;
		};
/* End XCConfigurationList section */
	};
	rootObject = 87EE090A2C9B7A6600F5BCD5 /* Project object */;
}
